
Microsoft Visual Studio Solution File, Format Version 12.00
# Visual Studio Version 17
VisualStudioVersion = 17.7.34009.444
MinimumVisualStudioVersion = 10.0.40219.1
Project("{9A19103F-16F7-4668-BE54-9A1E7A4F7556}") = "AuctionHouse", "AuctionHouse\AuctionHouse.csproj", "{2C81D938-3208-4D11-9927-4877F14EA2E9}"
EndProject
Project("{2150E333-8FDC-42A3-9474-1A3956D46DE8}") = "Solution Items", "Solution Items", "{3E8590E4-5470-4D66-9A48-6D8D5A59CA2C}"
	ProjectSection(SolutionItems) = preProject
		.editorconfig = .editorconfig
	EndProjectSection
EndProject
Project("{FAE04EC0-301F-11D3-BF4B-00C04F79EFBC}") = "AuctionHouseTests", "AuctionHouseTests\AuctionHouseTests.csproj", "{62277A3F-B60E-48AD-A0A3-0EFF4BCFC0CD}"
EndProject
Global
	GlobalSection(SolutionConfigurationPlatforms) = preSolution
		Debug|Any CPU = Debug|Any CPU
		Release|Any CPU = Release|Any CPU
	EndGlobalSection
	GlobalSection(ProjectConfigurationPlatforms) = postSolution
		{2C81D938-3208-4D11-9927-4877F14EA2E9}.Debug|Any CPU.ActiveCfg = Debug|Any CPU
		{2C81D938-3208-4D11-9927-4877F14EA2E9}.Debug|Any CPU.Build.0 = Debug|Any CPU
		{2C81D938-3208-4D11-9927-4877F14EA2E9}.Release|Any CPU.ActiveCfg = Release|Any CPU
		{2C81D938-3208-4D11-9927-4877F14EA2E9}.Release|Any CPU.Build.0 = Release|Any CPU
		{62277A3F-B60E-48AD-A0A3-0EFF4BCFC0CD}.Debug|Any CPU.ActiveCfg = Debug|Any CPU
		{62277A3F-B60E-48AD-A0A3-0EFF4BCFC0CD}.Debug|Any CPU.Build.0 = Debug|Any CPU
		{62277A3F-B60E-48AD-A0A3-0EFF4BCFC0CD}.Release|Any CPU.ActiveCfg = Release|Any CPU
		{62277A3F-B60E-48AD-A0A3-0EFF4BCFC0CD}.Release|Any CPU.Build.0 = Release|Any CPU
	EndGlobalSection
	GlobalSection(SolutionProperties) = preSolution
		HideSolutionNode = FALSE
	EndGlobalSection
	GlobalSection(ExtensibilityGlobals) = postSolution
		SolutionGuid = {AF42364D-AA78-47BD-9AD1-4B88407445D0}
	EndGlobalSection
EndGlobal
